
Microsoft Visual Studio Solution File, Format Version 12.00
# Visual Studio Version 16
VisualStudioVersion = 16.0.28803.156
MinimumVisualStudioVersion = 10.0.40219.1
Project("{9A19103F-16F7-4668-BE54-9A1E7A4F7556}") = "Nhx.Core", "Nhx.Core\Nhx.Core.csproj", "{73C8B4FC-4320-4716-B648-586FA9153163}"
EndProject
Project("{9A19103F-16F7-4668-BE54-9A1E7A4F7556}") = "CleanBlog.Web", "CleanBlog.Web\CleanBlog.Web.csproj", "{666CEA42-F6AB-4F05-9004-1A634D759BFC}"
EndProject
Project("{9A19103F-16F7-4668-BE54-9A1E7A4F7556}") = "CleanBlog.Data", "CleanBlog.Data\CleanBlog.Data.csproj", "{0F42ECDC-9872-4377-8563-48A44A034445}"
EndProject
Project("{9A19103F-16F7-4668-BE54-9A1E7A4F7556}") = "CleanBlog.Services", "CleanBlog.Services\CleanBlog.Services.csproj", "{6C76C8FE-C4BC-43B6-900D-7D666E3FEE11}"
EndProject
Global
	GlobalSection(SolutionConfigurationPlatforms) = preSolution
		Debug|Any CPU = Debug|Any CPU
		Release|Any CPU = Release|Any CPU
	EndGlobalSection
	GlobalSection(ProjectConfigurationPlatforms) = postSolution
		{73C8B4FC-4320-4716-B648-586FA9153163}.Debug|Any CPU.ActiveCfg = Debug|Any CPU
		{73C8B4FC-4320-4716-B648-586FA9153163}.Debug|Any CPU.Build.0 = Debug|Any CPU
		{73C8B4FC-4320-4716-B648-586FA9153163}.Release|Any CPU.ActiveCfg = Release|Any CPU
		{73C8B4FC-4320-4716-B648-586FA9153163}.Release|Any CPU.Build.0 = Release|Any CPU
		{666CEA42-F6AB-4F05-9004-1A634D759BFC}.Debug|Any CPU.ActiveCfg = Debug|Any CPU
		{666CEA42-F6AB-4F05-9004-1A634D759BFC}.Debug|Any CPU.Build.0 = Debug|Any CPU
		{666CEA42-F6AB-4F05-9004-1A634D759BFC}.Release|Any CPU.ActiveCfg = Release|Any CPU
		{666CEA42-F6AB-4F05-9004-1A634D759BFC}.Release|Any CPU.Build.0 = Release|Any CPU
		{0F42ECDC-9872-4377-8563-48A44A034445}.Debug|Any CPU.ActiveCfg = Debug|Any CPU
		{0F42ECDC-9872-4377-8563-48A44A034445}.Debug|Any CPU.Build.0 = Debug|Any CPU
		{0F42ECDC-9872-4377-8563-48A44A034445}.Release|Any CPU.ActiveCfg = Release|Any CPU
		{0F42ECDC-9872-4377-8563-48A44A034445}.Release|Any CPU.Build.0 = Release|Any CPU
		{6C76C8FE-C4BC-43B6-900D-7D666E3FEE11}.Debug|Any CPU.ActiveCfg = Debug|Any CPU
		{6C76C8FE-C4BC-43B6-900D-7D666E3FEE11}.Debug|Any CPU.Build.0 = Debug|Any CPU
		{6C76C8FE-C4BC-43B6-900D-7D666E3FEE11}.Release|Any CPU.ActiveCfg = Release|Any CPU
		{6C76C8FE-C4BC-43B6-900D-7D666E3FEE11}.Release|Any CPU.Build.0 = Release|Any CPU
	EndGlobalSection
	GlobalSection(SolutionProperties) = preSolution
		HideSolutionNode = FALSE
	EndGlobalSection
	GlobalSection(ExtensibilityGlobals) = postSolution
		SolutionGuid = {DBC116A8-7C79-4C62-BD1C-15DA817918EE}
	EndGlobalSection
EndGlobal
